
Microsoft Visual Studio Solution File, Format Version 12.00
# Visual Studio Version 16
VisualStudioVersion = 16.0.28922.388
MinimumVisualStudioVersion = 10.0.40219.1
Project("{FAE04EC0-301F-11D3-BF4B-00C04F79EFBC}") = "SysOverview", "SysOverview\SysOverview.csproj", "{1A87D878-0766-4DF1-BB2E-DEE6152412C9}"
EndProject
Project("{FAE04EC0-301F-11D3-BF4B-00C04F79EFBC}") = "ConsoleApp1", "ConsoleApp1\ConsoleApp1.csproj", "{1B8000E9-C391-45B6-A657-3DAB991E9D9E}"
EndProject
Global
	GlobalSection(SolutionConfigurationPlatforms) = preSolution
		Debug|Any CPU = Debug|Any CPU
		Release|Any CPU = Release|Any CPU
	EndGlobalSection
	GlobalSection(ProjectConfigurationPlatforms) = postSolution
		{1A87D878-0766-4DF1-BB2E-DEE6152412C9}.Debug|Any CPU.ActiveCfg = Debug|Any CPU
		{1A87D878-0766-4DF1-BB2E-DEE6152412C9}.Debug|Any CPU.Build.0 = Debug|Any CPU
		{1A87D878-0766-4DF1-BB2E-DEE6152412C9}.Release|Any CPU.ActiveCfg = Release|Any CPU
		{1A87D878-0766-4DF1-BB2E-DEE6152412C9}.Release|Any CPU.Build.0 = Release|Any CPU
		{1B8000E9-C391-45B6-A657-3DAB991E9D9E}.Debug|Any CPU.ActiveCfg = Debug|Any CPU
		{1B8000E9-C391-45B6-A657-3DAB991E9D9E}.Debug|Any CPU.Build.0 = Debug|Any CPU
		{1B8000E9-C391-45B6-A657-3DAB991E9D9E}.Release|Any CPU.ActiveCfg = Release|Any CPU
		{1B8000E9-C391-45B6-A657-3DAB991E9D9E}.Release|Any CPU.Build.0 = Release|Any CPU
	EndGlobalSection
	GlobalSection(SolutionProperties) = preSolution
		HideSolutionNode = FALSE
	EndGlobalSection
	GlobalSection(ExtensibilityGlobals) = postSolution
		SolutionGuid = {AA23AB2A-BDD2-4B0A-89CC-79061C7DFE25}
	EndGlobalSection
EndGlobal
